
Microsoft Visual Studio Solution File, Format Version 12.00
# Visual Studio Version 17
VisualStudioVersion = 17.7.34009.444
MinimumVisualStudioVersion = 10.0.40219.1
Project("{FAE04EC0-301F-11D3-BF4B-00C04F79EFBC}") = "Opgavesæt4", "Opgavesæt4.csproj", "{4ACC43F1-8C0B-455D-8B83-6475E7511EF8}"
EndProject
Global
	GlobalSection(SolutionConfigurationPlatforms) = preSolution
		Debug|Any CPU = Debug|Any CPU
		Release|Any CPU = Release|Any CPU
	EndGlobalSection
	GlobalSection(ProjectConfigurationPlatforms) = postSolution
		{4ACC43F1-8C0B-455D-8B83-6475E7511EF8}.Debug|Any CPU.ActiveCfg = Debug|Any CPU
		{4ACC43F1-8C0B-455D-8B83-6475E7511EF8}.Debug|Any CPU.Build.0 = Debug|Any CPU
		{4ACC43F1-8C0B-455D-8B83-6475E7511EF8}.Release|Any CPU.ActiveCfg = Release|Any CPU
		{4ACC43F1-8C0B-455D-8B83-6475E7511EF8}.Release|Any CPU.Build.0 = Release|Any CPU
	EndGlobalSection
	GlobalSection(SolutionProperties) = preSolution
		HideSolutionNode = FALSE
	EndGlobalSection
	GlobalSection(ExtensibilityGlobals) = postSolution
		SolutionGuid = {0479A0BA-7C7A-4E7F-A252-A068E732C6CF}
	EndGlobalSection
EndGlobal
